// !$*UTF8*$!
{
	archiveVersion = 1;
	classes = {
	};
	objectVersion = 50;
	objects = {

/* Begin PBXBuildFile section */
		B90628B31EAF7A9C8CF1195A /* Pods_MBAdminSwift.framework in Frameworks */ = {isa = PBXBuildFile; fileRef = 1510DBB9266AE96E8F7CB7B5 /* Pods_MBAdminSwift.framework */; };
		D2766677236199CA0086D5D8 /* MBAdminSwift.framework in Frameworks */ = {isa = PBXBuildFile; fileRef = D276666D236199CA0086D5D8 /* MBAdminSwift.framework */; };
		D276667C236199CA0086D5D8 /* MBAdminSwiftTests.swift in Sources */ = {isa = PBXBuildFile; fileRef = D276667B236199CA0086D5D8 /* MBAdminSwiftTests.swift */; };
		D276667E236199CA0086D5D8 /* MBAdminSwift.h in Headers */ = {isa = PBXBuildFile; fileRef = D2766670236199CA0086D5D8 /* MBAdminSwift.h */; settings = {ATTRIBUTES = (Public, ); }; };
		D2C5384F2361A33900AF68D9 /* MBAdmin.swift in Sources */ = {isa = PBXBuildFile; fileRef = D2C5384E2361A33900AF68D9 /* MBAdmin.swift */; };
		D2C538542361A34C00AF68D9 /* MBUploadableTextElement.swift in Sources */ = {isa = PBXBuildFile; fileRef = D2C538502361A34C00AF68D9 /* MBUploadableTextElement.swift */; };
		D2C538552361A34C00AF68D9 /* MBUploadableImagesElement.swift in Sources */ = {isa = PBXBuildFile; fileRef = D2C538512361A34C00AF68D9 /* MBUploadableImagesElement.swift */; };
		D2C538562361A34C00AF68D9 /* MBUplodableElement.swift in Sources */ = {isa = PBXBuildFile; fileRef = D2C538522361A34C00AF68D9 /* MBUplodableElement.swift */; };
		D2C538572361A34C00AF68D9 /* MBUploadableFilesElement.swift in Sources */ = {isa = PBXBuildFile; fileRef = D2C538532361A34C00AF68D9 /* MBUploadableFilesElement.swift */; };
		D2C5385A2361A35100AF68D9 /* MBUploadableElementsFactory.swift in Sources */ = {isa = PBXBuildFile; fileRef = D2C538582361A35100AF68D9 /* MBUploadableElementsFactory.swift */; };
		D2C5385B2361A35100AF68D9 /* MBUploadableCheckboxElement.swift in Sources */ = {isa = PBXBuildFile; fileRef = D2C538592361A35100AF68D9 /* MBUploadableCheckboxElement.swift */; };
		EC6F115925652A5500223B2E /* MBUploadableDropdownElement.swift in Sources */ = {isa = PBXBuildFile; fileRef = EC6F115825652A5500223B2E /* MBUploadableDropdownElement.swift */; };
		ECAAD36D24C973A1006E2EA3 /* MBUploadableMultipleElement.swift in Sources */ = {isa = PBXBuildFile; fileRef = ECAAD36C24C973A1006E2EA3 /* MBUploadableMultipleElement.swift */; };
		ECC1713124C71A8000F45662 /* MBUploadableColorElement.swift in Sources */ = {isa = PBXBuildFile; fileRef = ECC1713024C71A8000F45662 /* MBUploadableColorElement.swift */; };
		ECC1713324C71C4C00F45662 /* MBUploadableRelationElement.swift in Sources */ = {isa = PBXBuildFile; fileRef = ECC1713224C71C4C00F45662 /* MBUploadableRelationElement.swift */; };
/* End PBXBuildFile section */

/* Begin PBXContainerItemProxy section */
		D2766678236199CA0086D5D8 /* PBXContainerItemProxy */ = {
			isa = PBXContainerItemProxy;
			containerPortal = D2766664236199CA0086D5D8 /* Project object */;
			proxyType = 1;
			remoteGlobalIDString = D276666C236199CA0086D5D8;
			remoteInfo = MBAdmin;
		};
/* End PBXContainerItemProxy section */

/* Begin PBXFileReference section */
		1510DBB9266AE96E8F7CB7B5 /* Pods_MBAdminSwift.framework */ = {isa = PBXFileReference; explicitFileType = wrapper.framework; includeInIndex = 0; path = Pods_MBAdminSwift.framework; sourceTree = BUILT_PRODUCTS_DIR; };
		3CC7B0C197BBEA3459FA11F2 /* Pods-MBAdminSwift.release.xcconfig */ = {isa = PBXFileReference; includeInIndex = 1; lastKnownFileType = text.xcconfig; name = "Pods-MBAdminSwift.release.xcconfig"; path = "Target Support Files/Pods-MBAdminSwift/Pods-MBAdminSwift.release.xcconfig"; sourceTree = "<group>"; };
		D276666D236199CA0086D5D8 /* MBAdminSwift.framework */ = {isa = PBXFileReference; explicitFileType = wrapper.framework; includeInIndex = 0; path = MBAdminSwift.framework; sourceTree = BUILT_PRODUCTS_DIR; };
		D2766670236199CA0086D5D8 /* MBAdminSwift.h */ = {isa = PBXFileReference; lastKnownFileType = sourcecode.c.h; path = MBAdminSwift.h; sourceTree = "<group>"; };
		D2766671236199CA0086D5D8 /* Info.plist */ = {isa = PBXFileReference; lastKnownFileType = text.plist.xml; path = Info.plist; sourceTree = "<group>"; };
		D2766676236199CA0086D5D8 /* MBAdminSwiftTests.xctest */ = {isa = PBXFileReference; explicitFileType = wrapper.cfbundle; includeInIndex = 0; path = MBAdminSwiftTests.xctest; sourceTree = BUILT_PRODUCTS_DIR; };
		D276667B236199CA0086D5D8 /* MBAdminSwiftTests.swift */ = {isa = PBXFileReference; lastKnownFileType = sourcecode.swift; path = MBAdminSwiftTests.swift; sourceTree = "<group>"; };
		D276667D236199CA0086D5D8 /* Info.plist */ = {isa = PBXFileReference; lastKnownFileType = text.plist.xml; path = Info.plist; sourceTree = "<group>"; };
		D2C5384E2361A33900AF68D9 /* MBAdmin.swift */ = {isa = PBXFileReference; fileEncoding = 4; lastKnownFileType = sourcecode.swift; path = MBAdmin.swift; sourceTree = "<group>"; };
		D2C538502361A34C00AF68D9 /* MBUploadableTextElement.swift */ = {isa = PBXFileReference; fileEncoding = 4; lastKnownFileType = sourcecode.swift; path = MBUploadableTextElement.swift; sourceTree = "<group>"; };
		D2C538512361A34C00AF68D9 /* MBUploadableImagesElement.swift */ = {isa = PBXFileReference; fileEncoding = 4; lastKnownFileType = sourcecode.swift; path = MBUploadableImagesElement.swift; sourceTree = "<group>"; };
		D2C538522361A34C00AF68D9 /* MBUplodableElement.swift */ = {isa = PBXFileReference; fileEncoding = 4; lastKnownFileType = sourcecode.swift; path = MBUplodableElement.swift; sourceTree = "<group>"; };
		D2C538532361A34C00AF68D9 /* MBUploadableFilesElement.swift */ = {isa = PBXFileReference; fileEncoding = 4; lastKnownFileType = sourcecode.swift; path = MBUploadableFilesElement.swift; sourceTree = "<group>"; };
		D2C538582361A35100AF68D9 /* MBUploadableElementsFactory.swift */ = {isa = PBXFileReference; fileEncoding = 4; lastKnownFileType = sourcecode.swift; path = MBUploadableElementsFactory.swift; sourceTree = "<group>"; };
		D2C538592361A35100AF68D9 /* MBUploadableCheckboxElement.swift */ = {isa = PBXFileReference; fileEncoding = 4; lastKnownFileType = sourcecode.swift; path = MBUploadableCheckboxElement.swift; sourceTree = "<group>"; };
		D30B77D32FA69AD16C53456C /* Pods-MBAdminSwift.debug.xcconfig */ = {isa = PBXFileReference; includeInIndex = 1; lastKnownFileType = text.xcconfig; name = "Pods-MBAdminSwift.debug.xcconfig"; path = "Target Support Files/Pods-MBAdminSwift/Pods-MBAdminSwift.debug.xcconfig"; sourceTree = "<group>"; };
		EC6F115825652A5500223B2E /* MBUploadableDropdownElement.swift */ = {isa = PBXFileReference; lastKnownFileType = sourcecode.swift; path = MBUploadableDropdownElement.swift; sourceTree = "<group>"; };
		ECAAD36C24C973A1006E2EA3 /* MBUploadableMultipleElement.swift */ = {isa = PBXFileReference; lastKnownFileType = sourcecode.swift; path = MBUploadableMultipleElement.swift; sourceTree = "<group>"; };
		ECC1713024C71A8000F45662 /* MBUploadableColorElement.swift */ = {isa = PBXFileReference; lastKnownFileType = sourcecode.swift; path = MBUploadableColorElement.swift; sourceTree = "<group>"; };
		ECC1713224C71C4C00F45662 /* MBUploadableRelationElement.swift */ = {isa = PBXFileReference; lastKnownFileType = sourcecode.swift; path = MBUploadableRelationElement.swift; sourceTree = "<group>"; };
/* End PBXFileReference section */

/* Begin PBXFrameworksBuildPhase section */
		D276666A236199CA0086D5D8 /* Frameworks */ = {
			isa = PBXFrameworksBuildPhase;
			buildActionMask = 2147483647;
			files = (
				B90628B31EAF7A9C8CF1195A /* Pods_MBAdminSwift.framework in Frameworks */,
			);
			runOnlyForDeploymentPostprocessing = 0;
		};
		D2766673236199CA0086D5D8 /* Frameworks */ = {
			isa = PBXFrameworksBuildPhase;
			buildActionMask = 2147483647;
			files = (
				D2766677236199CA0086D5D8 /* MBAdminSwift.framework in Frameworks */,
			);
			runOnlyForDeploymentPostprocessing = 0;
		};
/* End PBXFrameworksBuildPhase section */

/* Begin PBXGroup section */
		08DEEB8782C9CE3CEBBBC5BE /* Pods */ = {
			isa = PBXGroup;
			children = (
				D30B77D32FA69AD16C53456C /* Pods-MBAdminSwift.debug.xcconfig */,
				3CC7B0C197BBEA3459FA11F2 /* Pods-MBAdminSwift.release.xcconfig */,
			);
			path = Pods;
			sourceTree = "<group>";
		};
		5C4A85C9D3ABA35FCEF3FED8 /* Frameworks */ = {
			isa = PBXGroup;
			children = (
				1510DBB9266AE96E8F7CB7B5 /* Pods_MBAdminSwift.framework */,
			);
			name = Frameworks;
			sourceTree = "<group>";
		};
		D2766663236199CA0086D5D8 = {
			isa = PBXGroup;
			children = (
				D276666F236199CA0086D5D8 /* MBAdminSwift */,
				D276667A236199CA0086D5D8 /* MBAdminSwiftTests */,
				D276666E236199CA0086D5D8 /* Products */,
				08DEEB8782C9CE3CEBBBC5BE /* Pods */,
				5C4A85C9D3ABA35FCEF3FED8 /* Frameworks */,
			);
			sourceTree = "<group>";
		};
		D276666E236199CA0086D5D8 /* Products */ = {
			isa = PBXGroup;
			children = (
				D276666D236199CA0086D5D8 /* MBAdminSwift.framework */,
				D2766676236199CA0086D5D8 /* MBAdminSwiftTests.xctest */,
			);
			name = Products;
			sourceTree = "<group>";
		};
		D276666F236199CA0086D5D8 /* MBAdminSwift */ = {
			isa = PBXGroup;
			children = (
				D2766670236199CA0086D5D8 /* MBAdminSwift.h */,
				D2766671236199CA0086D5D8 /* Info.plist */,
				D2C5384E2361A33900AF68D9 /* MBAdmin.swift */,
				D2C5385C2361A41E00AF68D9 /* MBUploadableElements */,
			);
			path = MBAdminSwift;
			sourceTree = "<group>";
		};
		D276667A236199CA0086D5D8 /* MBAdminSwiftTests */ = {
			isa = PBXGroup;
			children = (
				D276667B236199CA0086D5D8 /* MBAdminSwiftTests.swift */,
				D276667D236199CA0086D5D8 /* Info.plist */,
			);
			path = MBAdminSwiftTests;
			sourceTree = "<group>";
		};
		D2C5385C2361A41E00AF68D9 /* MBUploadableElements */ = {
			isa = PBXGroup;
			children = (
				D2C538582361A35100AF68D9 /* MBUploadableElementsFactory.swift */,
				D2C538502361A34C00AF68D9 /* MBUploadableTextElement.swift */,
				D2C538512361A34C00AF68D9 /* MBUploadableImagesElement.swift */,
				D2C538532361A34C00AF68D9 /* MBUploadableFilesElement.swift */,
				D2C538592361A35100AF68D9 /* MBUploadableCheckboxElement.swift */,
				ECC1713224C71C4C00F45662 /* MBUploadableRelationElement.swift */,
				EC6F115825652A5500223B2E /* MBUploadableDropdownElement.swift */,
				ECAAD36C24C973A1006E2EA3 /* MBUploadableMultipleElement.swift */,
				ECC1713024C71A8000F45662 /* MBUploadableColorElement.swift */,
				D2C538522361A34C00AF68D9 /* MBUplodableElement.swift */,
			);
			path = MBUploadableElements;
			sourceTree = "<group>";
		};
/* End PBXGroup section */

/* Begin PBXHeadersBuildPhase section */
		D2766668236199CA0086D5D8 /* Headers */ = {
			isa = PBXHeadersBuildPhase;
			buildActionMask = 2147483647;
			files = (
				D276667E236199CA0086D5D8 /* MBAdminSwift.h in Headers */,
			);
			runOnlyForDeploymentPostprocessing = 0;
		};
/* End PBXHeadersBuildPhase section */

/* Begin PBXNativeTarget section */
		D276666C236199CA0086D5D8 /* MBAdminSwift */ = {
			isa = PBXNativeTarget;
			buildConfigurationList = D2766681236199CA0086D5D8 /* Build configuration list for PBXNativeTarget "MBAdminSwift" */;
			buildPhases = (
				2EFE656E5C396681AAAE1A8B /* [CP] Check Pods Manifest.lock */,
				D2766668236199CA0086D5D8 /* Headers */,
				D2766669236199CA0086D5D8 /* Sources */,
				D276666A236199CA0086D5D8 /* Frameworks */,
				D276666B236199CA0086D5D8 /* Resources */,
				ECA707CD237EE8B500480EF5 /* Swiftlint */,
			);
			buildRules = (
			);
			dependencies = (
			);
			name = MBAdminSwift;
			productName = MBAdmin;
			productReference = D276666D236199CA0086D5D8 /* MBAdminSwift.framework */;
			productType = "com.apple.product-type.framework";
		};
		D2766675236199CA0086D5D8 /* MBAdminSwiftTests */ = {
			isa = PBXNativeTarget;
			buildConfigurationList = D2766684236199CA0086D5D8 /* Build configuration list for PBXNativeTarget "MBAdminSwiftTests" */;
			buildPhases = (
				D2766672236199CA0086D5D8 /* Sources */,
				D2766673236199CA0086D5D8 /* Frameworks */,
				D2766674236199CA0086D5D8 /* Resources */,
			);
			buildRules = (
			);
			dependencies = (
				D2766679236199CA0086D5D8 /* PBXTargetDependency */,
			);
			name = MBAdminSwiftTests;
			productName = MBAdminTests;
			productReference = D2766676236199CA0086D5D8 /* MBAdminSwiftTests.xctest */;
			productType = "com.apple.product-type.bundle.unit-test";
		};
/* End PBXNativeTarget section */

/* Begin PBXProject section */
		D2766664236199CA0086D5D8 /* Project object */ = {
			isa = PBXProject;
			attributes = {
				LastSwiftUpdateCheck = 1030;
				LastUpgradeCheck = 1030;
				ORGANIZATIONNAME = "Mumble S.r.l (https://mumbleideas.it)";
				TargetAttributes = {
					D276666C236199CA0086D5D8 = {
						CreatedOnToolsVersion = 10.3;
						LastSwiftMigration = 1110;
					};
					D2766675236199CA0086D5D8 = {
						CreatedOnToolsVersion = 10.3;
					};
				};
			};
			buildConfigurationList = D2766667236199CA0086D5D8 /* Build configuration list for PBXProject "MBAdminSwift" */;
			compatibilityVersion = "Xcode 9.3";
			developmentRegion = en;
			hasScannedForEncodings = 0;
			knownRegions = (
				en,
			);
			mainGroup = D2766663236199CA0086D5D8;
			productRefGroup = D276666E236199CA0086D5D8 /* Products */;
			projectDirPath = "";
			projectRoot = "";
			targets = (
				D276666C236199CA0086D5D8 /* MBAdminSwift */,
				D2766675236199CA0086D5D8 /* MBAdminSwiftTests */,
			);
		};
/* End PBXProject section */

/* Begin PBXResourcesBuildPhase section */
		D276666B236199CA0086D5D8 /* Resources */ = {
			isa = PBXResourcesBuildPhase;
			buildActionMask = 2147483647;
			files = (
			);
			runOnlyForDeploymentPostprocessing = 0;
		};
		D2766674236199CA0086D5D8 /* Resources */ = {
			isa = PBXResourcesBuildPhase;
			buildActionMask = 2147483647;
			files = (
			);
			runOnlyForDeploymentPostprocessing = 0;
		};
/* End PBXResourcesBuildPhase section */

/* Begin PBXShellScriptBuildPhase section */
		2EFE656E5C396681AAAE1A8B /* [CP] Check Pods Manifest.lock */ = {
			isa = PBXShellScriptBuildPhase;
			buildActionMask = 2147483647;
			files = (
			);
			inputFileListPaths = (
			);
			inputPaths = (
				"${PODS_PODFILE_DIR_PATH}/Podfile.lock",
				"${PODS_ROOT}/Manifest.lock",
			);
			name = "[CP] Check Pods Manifest.lock";
			outputFileListPaths = (
			);
			outputPaths = (
				"$(DERIVED_FILE_DIR)/Pods-MBAdminSwift-checkManifestLockResult.txt",
			);
			runOnlyForDeploymentPostprocessing = 0;
			shellPath = /bin/sh;
			shellScript = "diff \"${PODS_PODFILE_DIR_PATH}/Podfile.lock\" \"${PODS_ROOT}/Manifest.lock\" > /dev/null\nif [ $? != 0 ] ; then\n    # print error to STDERR\n    echo \"error: The sandbox is not in sync with the Podfile.lock. Run 'pod install' or update your CocoaPods installation.\" >&2\n    exit 1\nfi\n# This output is used by Xcode 'outputs' to avoid re-running this script phase.\necho \"SUCCESS\" > \"${SCRIPT_OUTPUT_FILE_0}\"\n";
			showEnvVarsInLog = 0;
		};
		ECA707CD237EE8B500480EF5 /* Swiftlint */ = {
			isa = PBXShellScriptBuildPhase;
			buildActionMask = 2147483647;
			files = (
			);
			inputFileListPaths = (
			);
			inputPaths = (
			);
			name = Swiftlint;
			outputFileListPaths = (
			);
			outputPaths = (
			);
			runOnlyForDeploymentPostprocessing = 0;
			shellPath = /bin/sh;
			shellScript = "if which swiftlint >/dev/null; then\n  swiftlint\nfi\n";
		};
/* End PBXShellScriptBuildPhase section */

/* Begin PBXSourcesBuildPhase section */
		D2766669236199CA0086D5D8 /* Sources */ = {
			isa = PBXSourcesBuildPhase;
			buildActionMask = 2147483647;
			files = (
				D2C538562361A34C00AF68D9 /* MBUplodableElement.swift in Sources */,
				D2C5385A2361A35100AF68D9 /* MBUploadableElementsFactory.swift in Sources */,
				ECC1713124C71A8000F45662 /* MBUploadableColorElement.swift in Sources */,
				EC6F115925652A5500223B2E /* MBUploadableDropdownElement.swift in Sources */,
				ECC1713324C71C4C00F45662 /* MBUploadableRelationElement.swift in Sources */,
				D2C538572361A34C00AF68D9 /* MBUploadableFilesElement.swift in Sources */,
				D2C5384F2361A33900AF68D9 /* MBAdmin.swift in Sources */,
				D2C5385B2361A35100AF68D9 /* MBUploadableCheckboxElement.swift in Sources */,
				D2C538542361A34C00AF68D9 /* MBUploadableTextElement.swift in Sources */,
				ECAAD36D24C973A1006E2EA3 /* MBUploadableMultipleElement.swift in Sources */,
				D2C538552361A34C00AF68D9 /* MBUploadableImagesElement.swift in Sources */,
			);
			runOnlyForDeploymentPostprocessing = 0;
		};
		D2766672236199CA0086D5D8 /* Sources */ = {
			isa = PBXSourcesBuildPhase;
			buildActionMask = 2147483647;
			files = (
				D276667C236199CA0086D5D8 /* MBAdminSwiftTests.swift in Sources */,
			);
			runOnlyForDeploymentPostprocessing = 0;
		};
/* End PBXSourcesBuildPhase section */

/* Begin PBXTargetDependency section */
		D2766679236199CA0086D5D8 /* PBXTargetDependency */ = {
			isa = PBXTargetDependency;
			target = D276666C236199CA0086D5D8 /* MBAdminSwift */;
			targetProxy = D2766678236199CA0086D5D8 /* PBXContainerItemProxy */;
		};
/* End PBXTargetDependency section */

/* Begin XCBuildConfiguration section */
		D276667F236199CA0086D5D8 /* Debug */ = {
			isa = XCBuildConfiguration;
			buildSettings = {
				ALWAYS_SEARCH_USER_PATHS = NO;
				CLANG_ANALYZER_NONNULL = YES;
				CLANG_ANALYZER_NUMBER_OBJECT_CONVERSION = YES_AGGRESSIVE;
				CLANG_CXX_LANGUAGE_STANDARD = "gnu++14";
				CLANG_CXX_LIBRARY = "libc++";
				CLANG_ENABLE_MODULES = YES;
				CLANG_ENABLE_OBJC_ARC = YES;
				CLANG_ENABLE_OBJC_WEAK = YES;
				CLANG_WARN_BLOCK_CAPTURE_AUTORELEASING = YES;
				CLANG_WARN_BOOL_CONVERSION = YES;
				CLANG_WARN_COMMA = YES;
				CLANG_WARN_CONSTANT_CONVERSION = YES;
				CLANG_WARN_DEPRECATED_OBJC_IMPLEMENTATIONS = YES;
				CLANG_WARN_DIRECT_OBJC_ISA_USAGE = YES_ERROR;
				CLANG_WARN_DOCUMENTATION_COMMENTS = YES;
				CLANG_WARN_EMPTY_BODY = YES;
				CLANG_WARN_ENUM_CONVERSION = YES;
				CLANG_WARN_INFINITE_RECURSION = YES;
				CLANG_WARN_INT_CONVERSION = YES;
				CLANG_WARN_NON_LITERAL_NULL_CONVERSION = YES;
				CLANG_WARN_OBJC_IMPLICIT_RETAIN_SELF = YES;
				CLANG_WARN_OBJC_LITERAL_CONVERSION = YES;
				CLANG_WARN_OBJC_ROOT_CLASS = YES_ERROR;
				CLANG_WARN_RANGE_LOOP_ANALYSIS = YES;
				CLANG_WARN_STRICT_PROTOTYPES = YES;
				CLANG_WARN_SUSPICIOUS_MOVE = YES;
				CLANG_WARN_UNGUARDED_AVAILABILITY = YES_AGGRESSIVE;
				CLANG_WARN_UNREACHABLE_CODE = YES;
				CLANG_WARN__DUPLICATE_METHOD_MATCH = YES;
				CODE_SIGN_IDENTITY = "iPhone Developer";
				COPY_PHASE_STRIP = NO;
				CURRENT_PROJECT_VERSION = 1;
				DEBUG_INFORMATION_FORMAT = dwarf;
				ENABLE_STRICT_OBJC_MSGSEND = YES;
				ENABLE_TESTABILITY = YES;
				GCC_C_LANGUAGE_STANDARD = gnu11;
				GCC_DYNAMIC_NO_PIC = NO;
				GCC_NO_COMMON_BLOCKS = YES;
				GCC_OPTIMIZATION_LEVEL = 0;
				GCC_PREPROCESSOR_DEFINITIONS = (
					"DEBUG=1",
					"$(inherited)",
				);
				GCC_WARN_64_TO_32_BIT_CONVERSION = YES;
				GCC_WARN_ABOUT_RETURN_TYPE = YES_ERROR;
				GCC_WARN_UNDECLARED_SELECTOR = YES;
				GCC_WARN_UNINITIALIZED_AUTOS = YES_AGGRESSIVE;
				GCC_WARN_UNUSED_FUNCTION = YES;
				GCC_WARN_UNUSED_VARIABLE = YES;
				IPHONEOS_DEPLOYMENT_TARGET = 12.4;
				MTL_ENABLE_DEBUG_INFO = INCLUDE_SOURCE;
				MTL_FAST_MATH = YES;
				ONLY_ACTIVE_ARCH = YES;
				SDKROOT = iphoneos;
				SWIFT_ACTIVE_COMPILATION_CONDITIONS = DEBUG;
				SWIFT_OPTIMIZATION_LEVEL = "-Onone";
				VERSIONING_SYSTEM = "apple-generic";
				VERSION_INFO_PREFIX = "";
			};
			name = Debug;
		};
		D2766680236199CA0086D5D8 /* Release */ = {
			isa = XCBuildConfiguration;
			buildSettings = {
				ALWAYS_SEARCH_USER_PATHS = NO;
				CLANG_ANALYZER_NONNULL = YES;
				CLANG_ANALYZER_NUMBER_OBJECT_CONVERSION = YES_AGGRESSIVE;
				CLANG_CXX_LANGUAGE_STANDARD = "gnu++14";
				CLANG_CXX_LIBRARY = "libc++";
				CLANG_ENABLE_MODULES = YES;
				CLANG_ENABLE_OBJC_ARC = YES;
				CLANG_ENABLE_OBJC_WEAK = YES;
				CLANG_WARN_BLOCK_CAPTURE_AUTORELEASING = YES;
				CLANG_WARN_BOOL_CONVERSION = YES;
				CLANG_WARN_COMMA = YES;
				CLANG_WARN_CONSTANT_CONVERSION = YES;
				CLANG_WARN_DEPRECATED_OBJC_IMPLEMENTATIONS = YES;
				CLANG_WARN_DIRECT_OBJC_ISA_USAGE = YES_ERROR;
				CLANG_WARN_DOCUMENTATION_COMMENTS = YES;
				CLANG_WARN_EMPTY_BODY = YES;
				CLANG_WARN_ENUM_CONVERSION = YES;
				CLANG_WARN_INFINITE_RECURSION = YES;
				CLANG_WARN_INT_CONVERSION = YES;
				CLANG_WARN_NON_LITERAL_NULL_CONVERSION = YES;
				CLANG_WARN_OBJC_IMPLICIT_RETAIN_SELF = YES;
				CLANG_WARN_OBJC_LITERAL_CONVERSION = YES;
				CLANG_WARN_OBJC_ROOT_CLASS = YES_ERROR;
				CLANG_WARN_RANGE_LOOP_ANALYSIS = YES;
				CLANG_WARN_STRICT_PROTOTYPES = YES;
				CLANG_WARN_SUSPICIOUS_MOVE = YES;
				CLANG_WARN_UNGUARDED_AVAILABILITY = YES_AGGRESSIVE;
				CLANG_WARN_UNREACHABLE_CODE = YES;
				CLANG_WARN__DUPLICATE_METHOD_MATCH = YES;
				CODE_SIGN_IDENTITY = "iPhone Developer";
				COPY_PHASE_STRIP = NO;
				CURRENT_PROJECT_VERSION = 1;
				DEBUG_INFORMATION_FORMAT = "dwarf-with-dsym";
				ENABLE_NS_ASSERTIONS = NO;
				ENABLE_STRICT_OBJC_MSGSEND = YES;
				GCC_C_LANGUAGE_STANDARD = gnu11;
				GCC_NO_COMMON_BLOCKS = YES;
				GCC_WARN_64_TO_32_BIT_CONVERSION = YES;
				GCC_WARN_ABOUT_RETURN_TYPE = YES_ERROR;
				GCC_WARN_UNDECLARED_SELECTOR = YES;
				GCC_WARN_UNINITIALIZED_AUTOS = YES_AGGRESSIVE;
				GCC_WARN_UNUSED_FUNCTION = YES;
				GCC_WARN_UNUSED_VARIABLE = YES;
				IPHONEOS_DEPLOYMENT_TARGET = 12.4;
				MTL_ENABLE_DEBUG_INFO = NO;
				MTL_FAST_MATH = YES;
				SDKROOT = iphoneos;
				SWIFT_COMPILATION_MODE = wholemodule;
				SWIFT_OPTIMIZATION_LEVEL = "-O";
				VALIDATE_PRODUCT = YES;
				VERSIONING_SYSTEM = "apple-generic";
				VERSION_INFO_PREFIX = "";
			};
			name = Release;
		};
		D2766682236199CA0086D5D8 /* Debug */ = {
			isa = XCBuildConfiguration;
			baseConfigurationReference = D30B77D32FA69AD16C53456C /* Pods-MBAdminSwift.debug.xcconfig */;
			buildSettings = {
				CLANG_ENABLE_MODULES = YES;
				CODE_SIGN_IDENTITY = "";
				CODE_SIGN_STYLE = Automatic;
				DEFINES_MODULE = YES;
				DEVELOPMENT_TEAM = AXR257ENWG;
				DYLIB_COMPATIBILITY_VERSION = 1;
				DYLIB_CURRENT_VERSION = 1;
				DYLIB_INSTALL_NAME_BASE = "@rpath";
				INFOPLIST_FILE = MBAdminSwift/Info.plist;
				INSTALL_PATH = "$(LOCAL_LIBRARY_DIR)/Frameworks";
				IPHONEOS_DEPLOYMENT_TARGET = 11.0;
				LD_RUNPATH_SEARCH_PATHS = (
					"$(inherited)",
					"@executable_path/Frameworks",
					"@loader_path/Frameworks",
				);
				PRODUCT_BUNDLE_IDENTIFIER = com.mumble.MBAdmin;
				PRODUCT_NAME = "$(TARGET_NAME:c99extidentifier)";
				SKIP_INSTALL = YES;
				SUPPORTS_MACCATALYST = NO;
				SWIFT_OPTIMIZATION_LEVEL = "-Onone";
				SWIFT_VERSION = 5.0;
				TARGETED_DEVICE_FAMILY = "1,2";
			};
			name = Debug;
		};
		D2766683236199CA0086D5D8 /* Release */ = {
			isa = XCBuildConfiguration;
			baseConfigurationReference = 3CC7B0C197BBEA3459FA11F2 /* Pods-MBAdminSwift.release.xcconfig */;
			buildSettings = {
				CLANG_ENABLE_MODULES = YES;
				CODE_SIGN_IDENTITY = "";
				CODE_SIGN_STYLE = Automatic;
				DEFINES_MODULE = YES;
				DEVELOPMENT_TEAM = AXR257ENWG;
				DYLIB_COMPATIBILITY_VERSION = 1;
				DYLIB_CURRENT_VERSION = 1;
				DYLIB_INSTALL_NAME_BASE = "@rpath";
				INFOPLIST_FILE = MBAdminSwift/Info.plist;
				INSTALL_PATH = "$(LOCAL_LIBRARY_DIR)/Frameworks";
				IPHONEOS_DEPLOYMENT_TARGET = 11.0;
				LD_RUNPATH_SEARCH_PATHS = (
					"$(inherited)",
					"@executable_path/Frameworks",
					"@loader_path/Frameworks",
				);
				PRODUCT_BUNDLE_IDENTIFIER = com.mumble.MBAdmin;
				PRODUCT_NAME = "$(TARGET_NAME:c99extidentifier)";
				SKIP_INSTALL = YES;
				SUPPORTS_MACCATALYST = NO;
				SWIFT_VERSION = 5.0;
				TARGETED_DEVICE_FAMILY = "1,2";
			};
			name = Release;
		};
		D2766685236199CA0086D5D8 /* Debug */ = {
			isa = XCBuildConfiguration;
			buildSettings = {
				ALWAYS_EMBED_SWIFT_STANDARD_LIBRARIES = YES;
				CODE_SIGN_STYLE = Automatic;
				DEVELOPMENT_TEAM = AXR257ENWG;
				INFOPLIST_FILE = MBAdminSwiftTests/Info.plist;
				LD_RUNPATH_SEARCH_PATHS = (
					"$(inherited)",
					"@executable_path/Frameworks",
					"@loader_path/Frameworks",
				);
				PRODUCT_BUNDLE_IDENTIFIER = com.mumble.MBAdminTests;
				PRODUCT_NAME = "$(TARGET_NAME)";
				SWIFT_VERSION = 5.0;
				TARGETED_DEVICE_FAMILY = "1,2";
			};
			name = Debug;
		};
		D2766686236199CA0086D5D8 /* Release */ = {
			isa = XCBuildConfiguration;
			buildSettings = {
				ALWAYS_EMBED_SWIFT_STANDARD_LIBRARIES = YES;
				CODE_SIGN_STYLE = Automatic;
				DEVELOPMENT_TEAM = AXR257ENWG;
				INFOPLIST_FILE = MBAdminSwiftTests/Info.plist;
				LD_RUNPATH_SEARCH_PATHS = (
					"$(inherited)",
					"@executable_path/Frameworks",
					"@loader_path/Frameworks",
				);
				PRODUCT_BUNDLE_IDENTIFIER = com.mumble.MBAdminTests;
				PRODUCT_NAME = "$(TARGET_NAME)";
				SWIFT_VERSION = 5.0;
				TARGETED_DEVICE_FAMILY = "1,2";
			};
			name = Release;
		};
/* End XCBuildConfiguration section */

/* Begin XCConfigurationList section */
		D2766667236199CA0086D5D8 /* Build configuration list for PBXProject "MBAdminSwift" */ = {
			isa = XCConfigurationList;
			buildConfigurations = (
				D276667F236199CA0086D5D8 /* Debug */,
				D2766680236199CA0086D5D8 /* Release */,
			);
			defaultConfigurationIsVisible = 0;
			defaultConfigurationName = Release;
		};
		D2766681236199CA0086D5D8 /* Build configuration list for PBXNativeTarget "MBAdminSwift" */ = {
			isa = XCConfigurationList;
			buildConfigurations = (
				D2766682236199CA0086D5D8 /* Debug */,
				D2766683236199CA0086D5D8 /* Release */,
			);
			defaultConfigurationIsVisible = 0;
			defaultConfigurationName = Release;
		};
		D2766684236199CA0086D5D8 /* Build configuration list for PBXNativeTarget "MBAdminSwiftTests" */ = {
			isa = XCConfigurationList;
			buildConfigurations = (
				D2766685236199CA0086D5D8 /* Debug */,
				D2766686236199CA0086D5D8 /* Release */,
			);
			defaultConfigurationIsVisible = 0;
			defaultConfigurationName = Release;
		};
/* End XCConfigurationList section */
	};
	rootObject = D2766664236199CA0086D5D8 /* Project object */;
}
